github.com/JasonTheDeveloper/pkg/tar v0.3.0 h1:XrYtKZDm152YucrN3/ob9WV0o/S9K4irK/DPpWVhUzE=
github.com/JasonTheDeveloper/pkg/tar v0.3.0/go.mod h1:w0/TOC7kwBJhnSJn7TCABkc/I7ib1f2Yz6vOsbLBnhw=
github.com/cyphar/filepath-securejoin v0.2.3 h1:YX6ebbZCZP7VkM3scTTokDgBL2TY741X51MTk3ycuNI=
github.com/cyphar/filepath-securejoin v0.2.3/go.mod h1:aPGpWjXOXUn2NCNjFvBE6aRxGGx79pTxQpKOJNYHHl4=
